# This file is generated by running "yarn install" inside your project.
# Manual changes might be lost - proceed with caution!

__metadata:
  version: 8
  cacheKey: 10c0

"@augment-vir/assert@npm:^31.19.1, @augment-vir/assert@npm:^31.59.3":
  version: 31.59.3
  resolution: "@augment-vir/assert@npm:31.59.3"
  dependencies:
    "@augment-vir/core": "npm:^31.59.3"
    "@date-vir/duration": "npm:^8.1.0"
    deep-eql: "npm:^5.0.2"
    expect-type: "npm:^1.3.0"
    type-fest: "npm:^5.4.4"
  checksum: 10c0/8fc8b98218ee65532d9b2ae7f2468cb2bc8733fdb7ec2c99660c894bb519d1aa0a95244d395be859613f7a43eeb856e4f8e73295366567b1b710800ebff07bd5
  languageName: node
  linkType: hard

"@augment-vir/common@npm:^31.19.1, @augment-vir/common@npm:^31.59.3":
  version: 31.59.3
  resolution: "@augment-vir/common@npm:31.59.3"
  dependencies:
    "@augment-vir/assert": "npm:^31.59.3"
    "@augment-vir/core": "npm:^31.59.3"
    "@date-vir/duration": "npm:^8.1.0"
    ansi-styles: "npm:^6.2.3"
    deepcopy-esm: "npm:^2.1.1"
    json5: "npm:^2.2.3"
    type-fest: "npm:^5.4.4"
    typed-event-target: "npm:^4.1.0"
  checksum: 10c0/faa4afd48ccf19fd50218737bfed311fe6be0af2d1d1b756fd40d52fc9560602a93e396a45d4b27569705f1634b46481e212a737b348bd631755b624f89068f9
  languageName: node
  linkType: hard

"@augment-vir/core@npm:^31.19.1, @augment-vir/core@npm:^31.59.3":
  version: 31.59.3
  resolution: "@augment-vir/core@npm:31.59.3"
  dependencies:
    "@date-vir/duration": "npm:^8.1.0"
    browser-or-node: "npm:^3.0.0"
    diff: "npm:^8.0.3"
    json5: "npm:^2.2.3"
    type-fest: "npm:^5.4.4"
  checksum: 10c0/af1226df8e7d8b4a035495f05c27e6b5c1fd3a121bfc1bcb0cc8bb077fd9b3f6907aa7cf09c4197833f0f02f32a9eb75306ca7f65faf291deb3ba8a3d1e07339
  languageName: node
  linkType: hard

"@collide-kit/collide-workflows@workspace:.":
  version: 0.0.0-use.local
  resolution: "@collide-kit/collide-workflows@workspace:."
  dependencies:
    "@prettier/plugin-oxc": "npm:^0.1.3"
    prettier: "npm:^3.8.1"
    prettier-plugin-multiline-arrays: "npm:^4.1.3"
    prettier-plugin-packagejson: "npm:^3.0.0"
    prettier-plugin-sort-json: "npm:^4.2.0"
    typescript: "npm:^5.9.3"
  languageName: unknown
  linkType: soft

"@date-vir/duration@npm:^8.1.0":
  version: 8.1.1
  resolution: "@date-vir/duration@npm:8.1.1"
  dependencies:
    "@augment-vir/assert": "npm:^31.59.3"
    "@types/luxon": "npm:^3.7.1"
    luxon: "npm:^3.7.2"
    type-fest: "npm:^5.4.4"
  checksum: 10c0/ab8243502ebb4f9b9a2d7ff9bc1f5ac1db50278ab1937d203c7bf43a0216d47ccf6d2fdee547811610f4524df4bac22b47d4e3a81beef9bf22cca4230fd664c1
  languageName: node
  linkType: hard

"@emnapi/core@npm:^1.7.1":
  version: 1.8.1
  resolution: "@emnapi/core@npm:1.8.1"
  dependencies:
    "@emnapi/wasi-threads": "npm:1.1.0"
    tslib: "npm:^2.4.0"
  checksum: 10c0/2c242f4b49779bac403e1cbcc98edacdb1c8ad36562408ba9a20663824669e930bc8493be46a2522d9dc946b8d96cd7073970bae914928c7671b5221c85b432e
  languageName: node
  linkType: hard

"@emnapi/runtime@npm:^1.7.1":
  version: 1.8.1
  resolution: "@emnapi/runtime@npm:1.8.1"
  dependencies:
    tslib: "npm:^2.4.0"
  checksum: 10c0/f4929d75e37aafb24da77d2f58816761fe3f826aad2e37fa6d4421dac9060cbd5098eea1ac3c9ecc4526b89deb58153852fa432f87021dc57863f2ff726d713f
  languageName: node
  linkType: hard

"@emnapi/wasi-threads@npm:1.1.0":
  version: 1.1.0
  resolution: "@emnapi/wasi-threads@npm:1.1.0"
  dependencies:
    tslib: "npm:^2.4.0"
  checksum: 10c0/e6d54bf2b1e64cdd83d2916411e44e579b6ae35d5def0dea61a3c452d9921373044dff32a8b8473ae60c80692bdc39323e98b96a3f3d87ba6886b24dd0ef7ca1
  languageName: node
  linkType: hard

"@napi-rs/wasm-runtime@npm:^1.0.7":
  version: 1.1.1
  resolution: "@napi-rs/wasm-runtime@npm:1.1.1"
  dependencies:
    "@emnapi/core": "npm:^1.7.1"
    "@emnapi/runtime": "npm:^1.7.1"
    "@tybys/wasm-util": "npm:^0.10.1"
  checksum: 10c0/04d57b67e80736e41fe44674a011878db0a8ad893f4d44abb9d3608debb7c174224cba2796ed5b0c1d367368159f3ca6be45f1c59222f70e32ddc880f803d447
  languageName: node
  linkType: hard

"@oxc-parser/binding-android-arm64@npm:0.99.0":
  version: 0.99.0
  resolution: "@oxc-parser/binding-android-arm64@npm:0.99.0"
  conditions: os=android & cpu=arm64
  languageName: node
  linkType: hard

"@oxc-parser/binding-darwin-arm64@npm:0.99.0":
  version: 0.99.0
  resolution: "@oxc-parser/binding-darwin-arm64@npm:0.99.0"
  conditions: os=darwin & cpu=arm64
  languageName: node
  linkType: hard

"@oxc-parser/binding-darwin-x64@npm:0.99.0":
  version: 0.99.0
  resolution: "@oxc-parser/binding-darwin-x64@npm:0.99.0"
  conditions: os=darwin & cpu=x64
  languageName: node
  linkType: hard

"@oxc-parser/binding-freebsd-x64@npm:0.99.0":
  version: 0.99.0
  resolution: "@oxc-parser/binding-freebsd-x64@npm:0.99.0"
  conditions: os=freebsd & cpu=x64
  languageName: node
  linkType: hard

"@oxc-parser/binding-linux-arm-gnueabihf@npm:0.99.0":
  version: 0.99.0
  resolution: "@oxc-parser/binding-linux-arm-gnueabihf@npm:0.99.0"
  conditions: os=linux & cpu=arm
  languageName: node
  linkType: hard

"@oxc-parser/binding-linux-arm-musleabihf@npm:0.99.0":
  version: 0.99.0
  resolution: "@oxc-parser/binding-linux-arm-musleabihf@npm:0.99.0"
  conditions: os=linux & cpu=arm
  languageName: node
  linkType: hard

"@oxc-parser/binding-linux-arm64-gnu@npm:0.99.0":
  version: 0.99.0
  resolution: "@oxc-parser/binding-linux-arm64-gnu@npm:0.99.0"
  conditions: os=linux & cpu=arm64 & libc=glibc
  languageName: node
  linkType: hard

"@oxc-parser/binding-linux-arm64-musl@npm:0.99.0":
  version: 0.99.0
  resolution: "@oxc-parser/binding-linux-arm64-musl@npm:0.99.0"
  conditions: os=linux & cpu=arm64 & libc=musl
  languageName: node
  linkType: hard

"@oxc-parser/binding-linux-riscv64-gnu@npm:0.99.0":
  version: 0.99.0
  resolution: "@oxc-parser/binding-linux-riscv64-gnu@npm:0.99.0"
  conditions: os=linux & cpu=riscv64 & libc=glibc
  languageName: node
  linkType: hard

"@oxc-parser/binding-linux-s390x-gnu@npm:0.99.0":
  version: 0.99.0
  resolution: "@oxc-parser/binding-linux-s390x-gnu@npm:0.99.0"
  conditions: os=linux & cpu=s390x & libc=glibc
  languageName: node
  linkType: hard

"@oxc-parser/binding-linux-x64-gnu@npm:0.99.0":
  version: 0.99.0
  resolution: "@oxc-parser/binding-linux-x64-gnu@npm:0.99.0"
  conditions: os=linux & cpu=x64 & libc=glibc
  languageName: node
  linkType: hard

"@oxc-parser/binding-linux-x64-musl@npm:0.99.0":
  version: 0.99.0
  resolution: "@oxc-parser/binding-linux-x64-musl@npm:0.99.0"
  conditions: os=linux & cpu=x64 & libc=musl
  languageName: node
  linkType: hard

"@oxc-parser/binding-wasm32-wasi@npm:0.99.0":
  version: 0.99.0
  resolution: "@oxc-parser/binding-wasm32-wasi@npm:0.99.0"
  dependencies:
    "@napi-rs/wasm-runtime": "npm:^1.0.7"
  conditions: cpu=wasm32
  languageName: node
  linkType: hard

"@oxc-parser/binding-win32-arm64-msvc@npm:0.99.0":
  version: 0.99.0
  resolution: "@oxc-parser/binding-win32-arm64-msvc@npm:0.99.0"
  conditions: os=win32 & cpu=arm64
  languageName: node
  linkType: hard

"@oxc-parser/binding-win32-x64-msvc@npm:0.99.0":
  version: 0.99.0
  resolution: "@oxc-parser/binding-win32-x64-msvc@npm:0.99.0"
  conditions: os=win32 & cpu=x64
  languageName: node
  linkType: hard

"@oxc-project/types@npm:^0.99.0":
  version: 0.99.0
  resolution: "@oxc-project/types@npm:0.99.0"
  checksum: 10c0/1b8dd57c64e37e2d2bc574560e786f864257f72ec5afd46cc1fbb515a5ee19d211b04216fe5bd776d188012c75ddb38cc59a1ae2758dfdd6c7d77b8df6b042a7
  languageName: node
  linkType: hard

"@prettier/plugin-oxc@npm:^0.1.3":
  version: 0.1.3
  resolution: "@prettier/plugin-oxc@npm:0.1.3"
  dependencies:
    oxc-parser: "npm:0.99.0"
  checksum: 10c0/fe2fc459577ff41ef559fe48b8e7ba29431c6f6a344cee9ec6a9d3a4a272d6a3dbe8cf7e6e08405df9bdf5dd3531102e9897378b823373af4b3c037babb0341d
  languageName: node
  linkType: hard

"@tybys/wasm-util@npm:^0.10.1":
  version: 0.10.1
  resolution: "@tybys/wasm-util@npm:0.10.1"
  dependencies:
    tslib: "npm:^2.4.0"
  checksum: 10c0/b255094f293794c6d2289300c5fbcafbb5532a3aed3a5ffd2f8dc1828e639b88d75f6a376dd8f94347a44813fd7a7149d8463477a9a49525c8b2dcaa38c2d1e8
  languageName: node
  linkType: hard

"@types/luxon@npm:^3.7.1":
  version: 3.7.1
  resolution: "@types/luxon@npm:3.7.1"
  checksum: 10c0/2db30c13b58adcd86daa447faa3ba59515fe907ead8ee3e6bb716d662812af0619d712f6c1eb190cdd7f9d2c00444c3ecd80af0f36e8143eb0c5e7339d6b2aca
  languageName: node
  linkType: hard

"ansi-styles@npm:^6.2.3":
  version: 6.2.3
  resolution: "ansi-styles@npm:6.2.3"
  checksum: 10c0/23b8a4ce14e18fb854693b95351e286b771d23d8844057ed2e7d083cd3e708376c3323707ec6a24365f7d7eda3ca00327fe04092e29e551499ec4c8b7bfac868
  languageName: node
  linkType: hard

"browser-or-node@npm:^3.0.0":
  version: 3.0.0
  resolution: "browser-or-node@npm:3.0.0"
  checksum: 10c0/05db930e0a21bfffef74dbc4a27eaa12113e7f43a95f3b80a925f624212d701b86034cdfb5c422bdee061c4ae8442d294feee8996e6ae2555a8e46ea0b830b52
  languageName: node
  linkType: hard

"deep-eql@npm:^5.0.2":
  version: 5.0.2
  resolution: "deep-eql@npm:5.0.2"
  checksum: 10c0/7102cf3b7bb719c6b9c0db2e19bf0aa9318d141581befe8c7ce8ccd39af9eaa4346e5e05adef7f9bd7015da0f13a3a25dcfe306ef79dc8668aedbecb658dd247
  languageName: node
  linkType: hard

"deepcopy-esm@npm:^2.1.1":
  version: 2.1.1
  resolution: "deepcopy-esm@npm:2.1.1"
  checksum: 10c0/56a21fd47eeed19f9c1c8c469e5368832596d8a1d21a73648c8acdbfae04e85e86bee7bd3669f1376da3cf0e6a487fb9d0de2f1b68b42e01ff4c90e49c2a1db0
  languageName: node
  linkType: hard

"detect-indent@npm:^7.0.2":
  version: 7.0.2
  resolution: "detect-indent@npm:7.0.2"
  checksum: 10c0/adb1334ca3fe516dc6817aff0a777540b88643ab92fe13a72d0f5d12721ca796ffdd0e5fedb7b45e6e82657156c6ad44f5d5758157f0439532ae7d07b595146b
  languageName: node
  linkType: hard

"detect-newline@npm:^4.0.1":
  version: 4.0.1
  resolution: "detect-newline@npm:4.0.1"
  checksum: 10c0/1cc1082e88ad477f30703ae9f23bd3e33816ea2db6a35333057e087d72d466f5a777809b71f560118ecff935d2c712f5b59e1008a8b56a900909d8fd4621c603
  languageName: node
  linkType: hard

"diff@npm:^8.0.3":
  version: 8.0.3
  resolution: "diff@npm:8.0.3"
  checksum: 10c0/d29321c70d3545fdcb56c5fdd76028c3f04c012462779e062303d4c3c531af80d2c360c26b871e6e2b9a971d2422d47e1779a859106c4cac4b5d2d143df70e20
  languageName: node
  linkType: hard

"expect-type@npm:^1.3.0":
  version: 1.3.0
  resolution: "expect-type@npm:1.3.0"
  checksum: 10c0/8412b3fe4f392c420ab41dae220b09700e4e47c639a29ba7ba2e83cc6cffd2b4926f7ac9e47d7e277e8f4f02acda76fd6931cb81fd2b382fa9477ef9ada953fd
  languageName: node
  linkType: hard

"fdir@npm:^6.5.0":
  version: 6.5.0
  resolution: "fdir@npm:6.5.0"
  peerDependencies:
    picomatch: ^3 || ^4
  peerDependenciesMeta:
    picomatch:
      optional: true
  checksum: 10c0/e345083c4306b3aed6cb8ec551e26c36bab5c511e99ea4576a16750ddc8d3240e63826cc624f5ae17ad4dc82e68a253213b60d556c11bfad064b7607847ed07f
  languageName: node
  linkType: hard

"git-hooks-list@npm:^4.1.1":
  version: 4.2.1
  resolution: "git-hooks-list@npm:4.2.1"
  checksum: 10c0/c5cac4e0526dd186122739f87c9e687c62a5ae7daadc9852d1823435f18a21f43ee6938825b97ecbb53c8c45456d94cc081fd5a2cf7eb4ea7508e5d9fa5fb5f3
  languageName: node
  linkType: hard

"is-plain-obj@npm:^4.1.0":
  version: 4.1.0
  resolution: "is-plain-obj@npm:4.1.0"
  checksum: 10c0/32130d651d71d9564dc88ba7e6fda0e91a1010a3694648e9f4f47bb6080438140696d3e3e15c741411d712e47ac9edc1a8a9de1fe76f3487b0d90be06ac9975e
  languageName: node
  linkType: hard

"json5@npm:^2.2.3":
  version: 2.2.3
  resolution: "json5@npm:2.2.3"
  bin:
    json5: lib/cli.js
  checksum: 10c0/5a04eed94810fa55c5ea138b2f7a5c12b97c3750bc63d11e511dcecbfef758003861522a070c2272764ee0f4e3e323862f386945aeb5b85b87ee43f084ba586c
  languageName: node
  linkType: hard

"luxon@npm:^3.7.2":
  version: 3.7.2
  resolution: "luxon@npm:3.7.2"
  checksum: 10c0/ed8f0f637826c08c343a29dd478b00628be93bba6f068417b1d8896b61cb61c6deacbe1df1e057dbd9298334044afa150f9aaabbeb3181418ac8520acfdc2ae2
  languageName: node
  linkType: hard

"oxc-parser@npm:0.99.0":
  version: 0.99.0
  resolution: "oxc-parser@npm:0.99.0"
  dependencies:
    "@oxc-parser/binding-android-arm64": "npm:0.99.0"
    "@oxc-parser/binding-darwin-arm64": "npm:0.99.0"
    "@oxc-parser/binding-darwin-x64": "npm:0.99.0"
    "@oxc-parser/binding-freebsd-x64": "npm:0.99.0"
    "@oxc-parser/binding-linux-arm-gnueabihf": "npm:0.99.0"
    "@oxc-parser/binding-linux-arm-musleabihf": "npm:0.99.0"
    "@oxc-parser/binding-linux-arm64-gnu": "npm:0.99.0"
    "@oxc-parser/binding-linux-arm64-musl": "npm:0.99.0"
    "@oxc-parser/binding-linux-riscv64-gnu": "npm:0.99.0"
    "@oxc-parser/binding-linux-s390x-gnu": "npm:0.99.0"
    "@oxc-parser/binding-linux-x64-gnu": "npm:0.99.0"
    "@oxc-parser/binding-linux-x64-musl": "npm:0.99.0"
    "@oxc-parser/binding-wasm32-wasi": "npm:0.99.0"
    "@oxc-parser/binding-win32-arm64-msvc": "npm:0.99.0"
    "@oxc-parser/binding-win32-x64-msvc": "npm:0.99.0"
    "@oxc-project/types": "npm:^0.99.0"
  dependenciesMeta:
    "@oxc-parser/binding-android-arm64":
      optional: true
    "@oxc-parser/binding-darwin-arm64":
      optional: true
    "@oxc-parser/binding-darwin-x64":
      optional: true
    "@oxc-parser/binding-freebsd-x64":
      optional: true
    "@oxc-parser/binding-linux-arm-gnueabihf":
      optional: true
    "@oxc-parser/binding-linux-arm-musleabihf":
      optional: true
    "@oxc-parser/binding-linux-arm64-gnu":
      optional: true
    "@oxc-parser/binding-linux-arm64-musl":
      optional: true
    "@oxc-parser/binding-linux-riscv64-gnu":
      optional: true
    "@oxc-parser/binding-linux-s390x-gnu":
      optional: true
    "@oxc-parser/binding-linux-x64-gnu":
      optional: true
    "@oxc-parser/binding-linux-x64-musl":
      optional: true
    "@oxc-parser/binding-wasm32-wasi":
      optional: true
    "@oxc-parser/binding-win32-arm64-msvc":
      optional: true
    "@oxc-parser/binding-win32-x64-msvc":
      optional: true
  checksum: 10c0/127dc25f1f8693c221230bf1f4b5912715494f9a7d43b3d38f03053eba18508c159c289aec8026b0093b34bad640098ac136f1627f29a8650b0c35e67a93fdd1
  languageName: node
  linkType: hard

"picomatch@npm:^4.0.3":
  version: 4.0.3
  resolution: "picomatch@npm:4.0.3"
  checksum: 10c0/9582c951e95eebee5434f59e426cddd228a7b97a0161a375aed4be244bd3fe8e3a31b846808ea14ef2c8a2527a6eeab7b3946a67d5979e81694654f939473ae2
  languageName: node
  linkType: hard

"prettier-plugin-multiline-arrays@npm:^4.1.3":
  version: 4.1.4
  resolution: "prettier-plugin-multiline-arrays@npm:4.1.4"
  dependencies:
    "@augment-vir/assert": "npm:^31.59.3"
    "@augment-vir/common": "npm:^31.59.3"
    proxy-vir: "npm:^2.0.2"
  peerDependencies:
    prettier: ">=3.0.0 <4.0.0"
  checksum: 10c0/86facb1b8ac568f95ad8f233f606ac45a77d36e702b2ce0b5730b318557abefc194495369c6f2bd26393ed2969dc3a328844e05a2451fa235d2e213042836e6b
  languageName: node
  linkType: hard

"prettier-plugin-packagejson@npm:^3.0.0":
  version: 3.0.0
  resolution: "prettier-plugin-packagejson@npm:3.0.0"
  dependencies:
    sort-package-json: "npm:3.6.0"
  peerDependencies:
    prettier: ^3
  peerDependenciesMeta:
    prettier:
      optional: true
  checksum: 10c0/ddcc6d4b70dc6afb97775187e620fa102f2acd64fe7305651eea250505f0dc77da234e85d9fc1163a4cf0bc008a5e8e1772c00e29d22df735f0828efc7aabe45
  languageName: node
  linkType: hard

"prettier-plugin-sort-json@npm:^4.2.0":
  version: 4.2.0
  resolution: "prettier-plugin-sort-json@npm:4.2.0"
  peerDependencies:
    prettier: ^3.0.0
  checksum: 10c0/e1eea20998bd32da682d226c0eeb39f8a33548299f7092aa89c28caf1c171524a408d6b06773ef953b688f48577edaa3bfd7965e4b39a7e64c78dd9796216be3
  languageName: node
  linkType: hard

"prettier@npm:^3.8.1":
  version: 3.8.1
  resolution: "prettier@npm:3.8.1"
  bin:
    prettier: bin/prettier.cjs
  checksum: 10c0/33169b594009e48f570471271be7eac7cdcf88a209eed39ac3b8d6d78984039bfa9132f82b7e6ba3b06711f3bfe0222a62a1bfb87c43f50c25a83df1b78a2c42
  languageName: node
  linkType: hard

"proxy-vir@npm:^2.0.2":
  version: 2.0.2
  resolution: "proxy-vir@npm:2.0.2"
  dependencies:
    "@augment-vir/assert": "npm:^31.59.3"
    "@augment-vir/common": "npm:^31.59.3"
  checksum: 10c0/558ded5e552afe27b2c39681318dc8439c2ed685b60d64a6b3a028c11789503c9388a003b30c6672792792e8fdefa938d4d3983f52998837f7a9778c73c6be31
  languageName: node
  linkType: hard

"semver@npm:^7.7.3":
  version: 7.7.4
  resolution: "semver@npm:7.7.4"
  bin:
    semver: bin/semver.js
  checksum: 10c0/5215ad0234e2845d4ea5bb9d836d42b03499546ddafb12075566899fc617f68794bb6f146076b6881d755de17d6c6cc73372555879ec7dce2c2feee947866ad2
  languageName: node
  linkType: hard

"sort-object-keys@npm:^2.0.1":
  version: 2.1.0
  resolution: "sort-object-keys@npm:2.1.0"
  checksum: 10c0/3e10c4892c379800a920c83f943fd98b3d7cf3eb3db67b0470ead95f180c3fb95146e22ef176c4c71395537597deb8320a80ace8025c39eadc8da4b38ae26b5f
  languageName: node
  linkType: hard

"sort-package-json@npm:3.6.0":
  version: 3.6.0
  resolution: "sort-package-json@npm:3.6.0"
  dependencies:
    detect-indent: "npm:^7.0.2"
    detect-newline: "npm:^4.0.1"
    git-hooks-list: "npm:^4.1.1"
    is-plain-obj: "npm:^4.1.0"
    semver: "npm:^7.7.3"
    sort-object-keys: "npm:^2.0.1"
    tinyglobby: "npm:^0.2.15"
  bin:
    sort-package-json: cli.js
  checksum: 10c0/977621b4541e6a107612524c8838a516425786b1d85fad9366416d3736989b1075d40511a28f0b3c47b9a0d7c1197f828af0cc3e350cdf793d1301d427178968
  languageName: node
  linkType: hard

"tagged-tag@npm:^1.0.0":
  version: 1.0.0
  resolution: "tagged-tag@npm:1.0.0"
  checksum: 10c0/91d25c9ffb86a91f20522cefb2cbec9b64caa1febe27ad0df52f08993ff60888022d771e868e6416cf2e72dab68449d2139e8709ba009b74c6c7ecd4000048d1
  languageName: node
  linkType: hard

"tinyglobby@npm:^0.2.15":
  version: 0.2.15
  resolution: "tinyglobby@npm:0.2.15"
  dependencies:
    fdir: "npm:^6.5.0"
    picomatch: "npm:^4.0.3"
  checksum: 10c0/869c31490d0d88eedb8305d178d4c75e7463e820df5a9b9d388291daf93e8b1eb5de1dad1c1e139767e4269fe75f3b10d5009b2cc14db96ff98986920a186844
  languageName: node
  linkType: hard

"tslib@npm:^2.4.0":
  version: 2.8.1
  resolution: "tslib@npm:2.8.1"
  checksum: 10c0/9c4759110a19c53f992d9aae23aac5ced636e99887b51b9e61def52611732872ff7668757d4e4c61f19691e36f4da981cd9485e869b4a7408d689f6bf1f14e62
  languageName: node
  linkType: hard

"type-fest@npm:^5.4.4":
  version: 5.4.4
  resolution: "type-fest@npm:5.4.4"
  dependencies:
    tagged-tag: "npm:^1.0.0"
  checksum: 10c0/bf9c6d7df5383fd720aac71da8ce8690ff1c554459d19cf3c72d61eac98255dba57abe20c628f91f4116f66211791462fdafa90b2be2d7405a5a4c295e4d849d
  languageName: node
  linkType: hard

"typed-event-target@npm:^4.1.0":
  version: 4.1.0
  resolution: "typed-event-target@npm:4.1.0"
  dependencies:
    "@augment-vir/assert": "npm:^31.19.1"
    "@augment-vir/common": "npm:^31.19.1"
    "@augment-vir/core": "npm:^31.19.1"
  checksum: 10c0/3ab934670b4b89f91817e27f9f348ab87c9da46647d905a818d1af3808a3a9ddbac790b87811ff59aaec4c15da43300f934643c7b02fd83df92f9981dd68086b
  languageName: node
  linkType: hard

"typescript@npm:^5.9.3":
  version: 5.9.3
  resolution: "typescript@npm:5.9.3"
  bin:
    tsc: bin/tsc
    tsserver: bin/tsserver
  checksum: 10c0/6bd7552ce39f97e711db5aa048f6f9995b53f1c52f7d8667c1abdc1700c68a76a308f579cd309ce6b53646deb4e9a1be7c813a93baaf0a28ccd536a30270e1c5
  languageName: node
  linkType: hard

"typescript@patch:typescript@npm%3A^5.9.3#optional!builtin<compat/typescript>":
  version: 5.9.3
  resolution: "typescript@patch:typescript@npm%3A5.9.3#optional!builtin<compat/typescript>::version=5.9.3&hash=5786d5"
  bin:
    tsc: bin/tsc
    tsserver: bin/tsserver
  checksum: 10c0/ad09fdf7a756814dce65bc60c1657b40d44451346858eea230e10f2e95a289d9183b6e32e5c11e95acc0ccc214b4f36289dcad4bf1886b0adb84d711d336a430
  languageName: node
  linkType: hard
